<?xml version="1.0" encoding="utf-8"?>
<Project ToolsVersion="4.0" xmlns="http://schemas.microsoft.com/developer/msbuild/2003">
  <ItemGroup>
    <Filter Include="소스 파일">
      <UniqueIdentifier>{4FC737F1-C7A5-4376-A066-2A32D752A2FF}</UniqueIdentifier>
      <Extensions>cpp;c;cc;cxx;c++;cppm;ixx;def;odl;idl;hpj;bat;asm;asmx</Extensions>
    </Filter>
    <Filter Include="헤더 파일">
      <UniqueIdentifier>{93995380-89BD-4b04-88EB-625FBE52EBFB}</UniqueIdentifier>
      <Extensions>h;hh;hpp;hxx;h++;hm;inl;inc;ipp;xsd</Extensions>
    </Filter>
    <Filter Include="리소스 파일">
      <UniqueIdentifier>{67DA6AB6-F800-4c08-8B7A-83BB121AAD01}</UniqueIdentifier>
      <Extensions>rc;ico;cur;bmp;dlg;rc2;rct;bin;rgs;gif;jpg;jpeg;jpe;resx;tiff;tif;png;wav;mfcribbon-ms</Extensions>
    </Filter>
    <Filter Include="프로젝트">
      <UniqueIdentifier>{4b68bf76-1e73-4f65-98c3-c9f6d896548a}</UniqueIdentifier>
    </Filter>
  </ItemGroup>
  <ItemGroup>
    <ClCompile Include="helloWorld.cpp">
      <Filter>소스 파일</Filter>
    </ClCompile>
    <ClCompile Include="header.cpp">
      <Filter>소스 파일</Filter>
    </ClCompile>
    <ClCompile Include="TestMath.cpp">
      <Filter>소스 파일</Filter>
    </ClCompile>
    <ClCompile Include="Practice_250905.cpp">
      <Filter>소스 파일</Filter>
    </ClCompile>
    <ClCompile Include="Practice_250908.cpp">
      <Filter>소스 파일</Filter>
    </ClCompile>
    <ClCompile Include="Practice_250909.cpp">
      <Filter>소스 파일</Filter>
    </ClCompile>
    <ClCompile Include="Practice_250910.cpp">
      <Filter>소스 파일</Filter>
    </ClCompile>
    <ClCompile Include="Practice_250911.cpp">
      <Filter>소스 파일</Filter>
    </ClCompile>
    <ClCompile Include="Practice_250912.cpp">
      <Filter>소스 파일</Filter>
    </ClCompile>
    <ClCompile Include="WeekWork_0913.cpp">
      <Filter>소스 파일</Filter>
    </ClCompile>
    <ClCompile Include="Practice_250915.cpp">
      <Filter>소스 파일</Filter>
    </ClCompile>
    <ClCompile Include="MazeGame.cpp">
      <Filter>소스 파일</Filter>
    </ClCompile>
    <ClCompile Include="BlackJack.cpp">
      <Filter>소스 파일</Filter>
    </ClCompile>
    <ClCompile Include="Position.cpp">
      <Filter>소스 파일</Filter>
    </ClCompile>
  </ItemGroup>
  <ItemGroup>
    <ClInclude Include="header.h">
      <Filter>헤더 파일</Filter>
    </ClInclude>
    <ClInclude Include="TestMath.h">
      <Filter>헤더 파일</Filter>
    </ClInclude>
    <ClInclude Include="Practice.h">
      <Filter>헤더 파일</Filter>
    </ClInclude>
    <ClInclude Include="Practice_250909.h">
      <Filter>헤더 파일</Filter>
    </ClInclude>
    <ClInclude Include="Practice_250910.h">
      <Filter>헤더 파일</Filter>
    </ClInclude>
    <ClInclude Include="Practice_250911.h">
      <Filter>헤더 파일</Filter>
    </ClInclude>
    <ClInclude Include="Practice_250912.h">
      <Filter>헤더 파일</Filter>
    </ClInclude>
    <ClInclude Include="WeekWork_0913.h">
      <Filter>헤더 파일</Filter>
    </ClInclude>
    <ClInclude Include="Practice_250915.h">
      <Filter>헤더 파일</Filter>
    </ClInclude>
    <ClInclude Include="Position.h">
      <Filter>헤더 파일</Filter>
    </ClInclude>
    <ClInclude Include="EnemyData.h">
      <Filter>헤더 파일</Filter>
    </ClInclude>
    <ClInclude Include="MazeEscape.h">
      <Filter>헤더 파일</Filter>
    </ClInclude>
    <ClInclude Include="PlayerData.h">
      <Filter>헤더 파일</Filter>
    </ClInclude>
    <ClInclude Include="BlackJack.h">
      <Filter>헤더 파일</Filter>
    </ClInclude>
  </ItemGroup>
</Project>